
Microsoft Visual Studio Solution File, Format Version 12.00
# Visual Studio 2012
Project("{FAE04EC0-301F-11D3-BF4B-00C04F79EFBC}") = "CoduranceTechTest", "CoduranceTechTest\CoduranceTechTest.csproj", "{32F780CC-EA77-4095-A4D4-8CDB0942FC28}"
EndProject
Project("{2150E333-8FDC-42A3-9474-1A3956D46DE8}") = ".nuget", ".nuget", "{C7866890-911E-4CEF-82D8-94CE83A6FCDF}"
	ProjectSection(SolutionItems) = preProject
		.nuget\packages.config = .nuget\packages.config
	EndProjectSection
EndProject
Project("{2150E333-8FDC-42A3-9474-1A3956D46DE8}") = "UnitTestMetric", "UnitTestMetric", "{49532A1C-0B34-4141-BBCD-400760EAF973}"
	ProjectSection(SolutionItems) = preProject
		GenerateUnitTestMetrics.bat = GenerateUnitTestMetrics.bat
		RunUnitTests.bat = RunUnitTests.bat
	EndProjectSection
EndProject
Global
	GlobalSection(SolutionConfigurationPlatforms) = preSolution
		Debug|Any CPU = Debug|Any CPU
		Release|Any CPU = Release|Any CPU
	EndGlobalSection
	GlobalSection(ProjectConfigurationPlatforms) = postSolution
		{32F780CC-EA77-4095-A4D4-8CDB0942FC28}.Debug|Any CPU.ActiveCfg = Debug|Any CPU
		{32F780CC-EA77-4095-A4D4-8CDB0942FC28}.Debug|Any CPU.Build.0 = Debug|Any CPU
		{32F780CC-EA77-4095-A4D4-8CDB0942FC28}.Release|Any CPU.ActiveCfg = Release|Any CPU
		{32F780CC-EA77-4095-A4D4-8CDB0942FC28}.Release|Any CPU.Build.0 = Release|Any CPU
	EndGlobalSection
	GlobalSection(SolutionProperties) = preSolution
		HideSolutionNode = FALSE
	EndGlobalSection
EndGlobal
